
Microsoft Visual Studio Solution File, Format Version 12.00
# Visual Studio 15
VisualStudioVersion = 15.0.27004.2006
MinimumVisualStudioVersion = 10.0.40219.1
Project("{FAE04EC0-301F-11D3-BF4B-00C04F79EFBC}") = "FicBook", "FicBook\FicBook.csproj", "{E0785744-1600-4B2A-9749-48DFB4E98727}"
EndProject
Global
	GlobalSection(SolutionConfigurationPlatforms) = preSolution
		Debug|Any CPU = Debug|Any CPU
		Release|Any CPU = Release|Any CPU
	EndGlobalSection
	GlobalSection(ProjectConfigurationPlatforms) = postSolution
		{E0785744-1600-4B2A-9749-48DFB4E98727}.Debug|Any CPU.ActiveCfg = Debug|Any CPU
		{E0785744-1600-4B2A-9749-48DFB4E98727}.Debug|Any CPU.Build.0 = Debug|Any CPU
		{E0785744-1600-4B2A-9749-48DFB4E98727}.Release|Any CPU.ActiveCfg = Release|Any CPU
		{E0785744-1600-4B2A-9749-48DFB4E98727}.Release|Any CPU.Build.0 = Release|Any CPU
	EndGlobalSection
	GlobalSection(SolutionProperties) = preSolution
		HideSolutionNode = FALSE
	EndGlobalSection
	GlobalSection(ExtensibilityGlobals) = postSolution
		SolutionGuid = {DDCECDF1-777A-4C07-9CBA-BC75137FE2FF}
	EndGlobalSection
EndGlobal
